
Microsoft Visual Studio Solution File, Format Version 12.00
# Visual Studio Version 16
VisualStudioVersion = 16.0.29926.136
MinimumVisualStudioVersion = 10.0.40219.1
Project("{FAE04EC0-301F-11D3-BF4B-00C04F79EFBC}") = "SpeedTest.Android", "SpeedTest\SpeedTest.Android\SpeedTest.Android.csproj", "{79BB5CE2-4780-408E-9D2E-0510D108DBDB}"
EndProject
Project("{FAE04EC0-301F-11D3-BF4B-00C04F79EFBC}") = "SpeedTest.iOS", "SpeedTest\SpeedTest.iOS\SpeedTest.iOS.csproj", "{39F000F2-A3A8-40BC-88BA-BDF842B61024}"
EndProject
Project("{FAE04EC0-301F-11D3-BF4B-00C04F79EFBC}") = "SpeedTest", "SpeedTest\SpeedTest\SpeedTest.csproj", "{002C9C81-C946-4AFD-9E8A-BC47F01C3D3F}"
EndProject
Global
	GlobalSection(SolutionConfigurationPlatforms) = preSolution
		Debug|Any CPU = Debug|Any CPU
		Debug|iPhone = Debug|iPhone
		Debug|iPhoneSimulator = Debug|iPhoneSimulator
		Release|Any CPU = Release|Any CPU
		Release|iPhone = Release|iPhone
		Release|iPhoneSimulator = Release|iPhoneSimulator
	EndGlobalSection
	GlobalSection(ProjectConfigurationPlatforms) = postSolution
		{79BB5CE2-4780-408E-9D2E-0510D108DBDB}.Debug|Any CPU.ActiveCfg = Debug|Any CPU
		{79BB5CE2-4780-408E-9D2E-0510D108DBDB}.Debug|Any CPU.Build.0 = Debug|Any CPU
		{79BB5CE2-4780-408E-9D2E-0510D108DBDB}.Debug|Any CPU.Deploy.0 = Debug|Any CPU
		{79BB5CE2-4780-408E-9D2E-0510D108DBDB}.Debug|iPhone.ActiveCfg = Debug|Any CPU
		{79BB5CE2-4780-408E-9D2E-0510D108DBDB}.Debug|iPhone.Build.0 = Debug|Any CPU
		{79BB5CE2-4780-408E-9D2E-0510D108DBDB}.Debug|iPhone.Deploy.0 = Debug|Any CPU
		{79BB5CE2-4780-408E-9D2E-0510D108DBDB}.Debug|iPhoneSimulator.ActiveCfg = Debug|Any CPU
		{79BB5CE2-4780-408E-9D2E-0510D108DBDB}.Debug|iPhoneSimulator.Build.0 = Debug|Any CPU
		{79BB5CE2-4780-408E-9D2E-0510D108DBDB}.Debug|iPhoneSimulator.Deploy.0 = Debug|Any CPU
		{79BB5CE2-4780-408E-9D2E-0510D108DBDB}.Release|Any CPU.ActiveCfg = Release|Any CPU
		{79BB5CE2-4780-408E-9D2E-0510D108DBDB}.Release|Any CPU.Build.0 = Release|Any CPU
		{79BB5CE2-4780-408E-9D2E-0510D108DBDB}.Release|Any CPU.Deploy.0 = Release|Any CPU
		{79BB5CE2-4780-408E-9D2E-0510D108DBDB}.Release|iPhone.ActiveCfg = Release|Any CPU
		{79BB5CE2-4780-408E-9D2E-0510D108DBDB}.Release|iPhone.Build.0 = Release|Any CPU
		{79BB5CE2-4780-408E-9D2E-0510D108DBDB}.Release|iPhone.Deploy.0 = Release|Any CPU
		{79BB5CE2-4780-408E-9D2E-0510D108DBDB}.Release|iPhoneSimulator.ActiveCfg = Release|Any CPU
		{79BB5CE2-4780-408E-9D2E-0510D108DBDB}.Release|iPhoneSimulator.Build.0 = Release|Any CPU
		{79BB5CE2-4780-408E-9D2E-0510D108DBDB}.Release|iPhoneSimulator.Deploy.0 = Release|Any CPU
		{39F000F2-A3A8-40BC-88BA-BDF842B61024}.Debug|Any CPU.ActiveCfg = Debug|iPhone
		{39F000F2-A3A8-40BC-88BA-BDF842B61024}.Debug|Any CPU.Build.0 = Debug|iPhone
		{39F000F2-A3A8-40BC-88BA-BDF842B61024}.Debug|Any CPU.Deploy.0 = Debug|iPhone
		{39F000F2-A3A8-40BC-88BA-BDF842B61024}.Debug|iPhone.ActiveCfg = Debug|iPhone
		{39F000F2-A3A8-40BC-88BA-BDF842B61024}.Debug|iPhone.Build.0 = Debug|iPhone
		{39F000F2-A3A8-40BC-88BA-BDF842B61024}.Debug|iPhone.Deploy.0 = Debug|iPhone
		{39F000F2-A3A8-40BC-88BA-BDF842B61024}.Debug|iPhoneSimulator.ActiveCfg = Debug|iPhoneSimulator
		{39F000F2-A3A8-40BC-88BA-BDF842B61024}.Debug|iPhoneSimulator.Build.0 = Debug|iPhoneSimulator
		{39F000F2-A3A8-40BC-88BA-BDF842B61024}.Debug|iPhoneSimulator.Deploy.0 = Debug|iPhoneSimulator
		{39F000F2-A3A8-40BC-88BA-BDF842B61024}.Release|Any CPU.ActiveCfg = Release|iPhone
		{39F000F2-A3A8-40BC-88BA-BDF842B61024}.Release|Any CPU.Build.0 = Release|iPhone
		{39F000F2-A3A8-40BC-88BA-BDF842B61024}.Release|Any CPU.Deploy.0 = Release|iPhone
		{39F000F2-A3A8-40BC-88BA-BDF842B61024}.Release|iPhone.ActiveCfg = Release|iPhone
		{39F000F2-A3A8-40BC-88BA-BDF842B61024}.Release|iPhone.Build.0 = Release|iPhone
		{39F000F2-A3A8-40BC-88BA-BDF842B61024}.Release|iPhone.Deploy.0 = Release|iPhone
		{39F000F2-A3A8-40BC-88BA-BDF842B61024}.Release|iPhoneSimulator.ActiveCfg = Release|iPhoneSimulator
		{39F000F2-A3A8-40BC-88BA-BDF842B61024}.Release|iPhoneSimulator.Build.0 = Release|iPhoneSimulator
		{39F000F2-A3A8-40BC-88BA-BDF842B61024}.Release|iPhoneSimulator.Deploy.0 = Release|iPhoneSimulator
		{002C9C81-C946-4AFD-9E8A-BC47F01C3D3F}.Debug|Any CPU.ActiveCfg = Debug|Any CPU
		{002C9C81-C946-4AFD-9E8A-BC47F01C3D3F}.Debug|Any CPU.Build.0 = Debug|Any CPU
		{002C9C81-C946-4AFD-9E8A-BC47F01C3D3F}.Debug|Any CPU.Deploy.0 = Debug|Any CPU
		{002C9C81-C946-4AFD-9E8A-BC47F01C3D3F}.Debug|iPhone.ActiveCfg = Debug|Any CPU
		{002C9C81-C946-4AFD-9E8A-BC47F01C3D3F}.Debug|iPhone.Build.0 = Debug|Any CPU
		{002C9C81-C946-4AFD-9E8A-BC47F01C3D3F}.Debug|iPhone.Deploy.0 = Debug|Any CPU
		{002C9C81-C946-4AFD-9E8A-BC47F01C3D3F}.Debug|iPhoneSimulator.ActiveCfg = Debug|Any CPU
		{002C9C81-C946-4AFD-9E8A-BC47F01C3D3F}.Debug|iPhoneSimulator.Build.0 = Debug|Any CPU
		{002C9C81-C946-4AFD-9E8A-BC47F01C3D3F}.Debug|iPhoneSimulator.Deploy.0 = Debug|Any CPU
		{002C9C81-C946-4AFD-9E8A-BC47F01C3D3F}.Release|Any CPU.ActiveCfg = Release|Any CPU
		{002C9C81-C946-4AFD-9E8A-BC47F01C3D3F}.Release|Any CPU.Build.0 = Release|Any CPU
		{002C9C81-C946-4AFD-9E8A-BC47F01C3D3F}.Release|Any CPU.Deploy.0 = Release|Any CPU
		{002C9C81-C946-4AFD-9E8A-BC47F01C3D3F}.Release|iPhone.ActiveCfg = Release|Any CPU
		{002C9C81-C946-4AFD-9E8A-BC47F01C3D3F}.Release|iPhone.Build.0 = Release|Any CPU
		{002C9C81-C946-4AFD-9E8A-BC47F01C3D3F}.Release|iPhone.Deploy.0 = Release|Any CPU
		{002C9C81-C946-4AFD-9E8A-BC47F01C3D3F}.Release|iPhoneSimulator.ActiveCfg = Release|Any CPU
		{002C9C81-C946-4AFD-9E8A-BC47F01C3D3F}.Release|iPhoneSimulator.Build.0 = Release|Any CPU
		{002C9C81-C946-4AFD-9E8A-BC47F01C3D3F}.Release|iPhoneSimulator.Deploy.0 = Release|Any CPU
	EndGlobalSection
	GlobalSection(SolutionProperties) = preSolution
		HideSolutionNode = FALSE
	EndGlobalSection
	GlobalSection(ExtensibilityGlobals) = postSolution
		SolutionGuid = {51D9C1AD-8426-4FCF-B4FA-D51BED79C748}
	EndGlobalSection
EndGlobal
